// !$*UTF8*$!
{
	archiveVersion = 1;
	classes = {
	};
	objectVersion = 56;
	objects = {

/* Begin PBXBuildFile section */
		7E06DA472A98501200C69196 /* LittleLemonApp.swift in Sources */ = {isa = PBXBuildFile; fileRef = 7E06DA462A98501200C69196 /* LittleLemonApp.swift */; };
		7E06DA4B2A98501400C69196 /* Assets.xcassets in Resources */ = {isa = PBXBuildFile; fileRef = 7E06DA4A2A98501400C69196 /* Assets.xcassets */; };
		7E06DA4E2A98501400C69196 /* Preview Assets.xcassets in Resources */ = {isa = PBXBuildFile; fileRef = 7E06DA4D2A98501400C69196 /* Preview Assets.xcassets */; };
		7E06DA552A9AB33B00C69196 /* OnboardingPage.swift in Sources */ = {isa = PBXBuildFile; fileRef = 7E06DA542A9AB33B00C69196 /* OnboardingPage.swift */; };
		7E06DA592A9B191700C69196 /* TabNavigationBar.swift in Sources */ = {isa = PBXBuildFile; fileRef = 7E06DA582A9B191700C69196 /* TabNavigationBar.swift */; };
		7E06DA5B2A9BCD2300C69196 /* HomePage.swift in Sources */ = {isa = PBXBuildFile; fileRef = 7E06DA5A2A9BCD2300C69196 /* HomePage.swift */; };
		7E06DA5D2A9E6A6D00C69196 /* UserProfilePage.swift in Sources */ = {isa = PBXBuildFile; fileRef = 7E06DA5C2A9E6A6D00C69196 /* UserProfilePage.swift */; };
		7E8C020E2AA10BCE009084D9 /* Persistence.swift in Sources */ = {isa = PBXBuildFile; fileRef = 7E8C020C2AA10BCD009084D9 /* Persistence.swift */; };
		7E8C020F2AA10BCE009084D9 /* FetchedObjects.swift in Sources */ = {isa = PBXBuildFile; fileRef = 7E8C020D2AA10BCE009084D9 /* FetchedObjects.swift */; };
		7E8C02112AA10C45009084D9 /* MenuList.swift in Sources */ = {isa = PBXBuildFile; fileRef = 7E8C02102AA10C45009084D9 /* MenuList.swift */; };
		7E8C02132AA10CF7009084D9 /* MenuItem.swift in Sources */ = {isa = PBXBuildFile; fileRef = 7E8C02122AA10CF7009084D9 /* MenuItem.swift */; };
		7E8C02162AA11A9B009084D9 /* ExampleDatabase.xcdatamodeld in Sources */ = {isa = PBXBuildFile; fileRef = 7E8C02142AA11A9B009084D9 /* ExampleDatabase.xcdatamodeld */; };
		7E8EFB992AA47AC100DD9098 /* OfflineData.swift in Sources */ = {isa = PBXBuildFile; fileRef = 7E8EFB982AA47AC100DD9098 /* OfflineData.swift */; };
		7EEC99982AAD8BAD0002F186 /* MenuPage.swift in Sources */ = {isa = PBXBuildFile; fileRef = 7EEC99972AAD8BAD0002F186 /* MenuPage.swift */; };
/* End PBXBuildFile section */

/* Begin PBXFileReference section */
		7E06DA432A98501200C69196 /* LittleLemon.app */ = {isa = PBXFileReference; explicitFileType = wrapper.application; includeInIndex = 0; path = LittleLemon.app; sourceTree = BUILT_PRODUCTS_DIR; };
		7E06DA462A98501200C69196 /* LittleLemonApp.swift */ = {isa = PBXFileReference; lastKnownFileType = sourcecode.swift; path = LittleLemonApp.swift; sourceTree = "<group>"; };
		7E06DA4A2A98501400C69196 /* Assets.xcassets */ = {isa = PBXFileReference; lastKnownFileType = folder.assetcatalog; path = Assets.xcassets; sourceTree = "<group>"; };
		7E06DA4D2A98501400C69196 /* Preview Assets.xcassets */ = {isa = PBXFileReference; lastKnownFileType = folder.assetcatalog; path = "Preview Assets.xcassets"; sourceTree = "<group>"; };
		7E06DA542A9AB33B00C69196 /* OnboardingPage.swift */ = {isa = PBXFileReference; lastKnownFileType = sourcecode.swift; path = OnboardingPage.swift; sourceTree = "<group>"; };
		7E06DA582A9B191700C69196 /* TabNavigationBar.swift */ = {isa = PBXFileReference; lastKnownFileType = sourcecode.swift; path = TabNavigationBar.swift; sourceTree = "<group>"; };
		7E06DA5A2A9BCD2300C69196 /* HomePage.swift */ = {isa = PBXFileReference; lastKnownFileType = sourcecode.swift; path = HomePage.swift; sourceTree = "<group>"; };
		7E06DA5C2A9E6A6D00C69196 /* UserProfilePage.swift */ = {isa = PBXFileReference; lastKnownFileType = sourcecode.swift; path = UserProfilePage.swift; sourceTree = "<group>"; };
		7E8C020C2AA10BCD009084D9 /* Persistence.swift */ = {isa = PBXFileReference; fileEncoding = 4; lastKnownFileType = sourcecode.swift; path = Persistence.swift; sourceTree = "<group>"; };
		7E8C020D2AA10BCE009084D9 /* FetchedObjects.swift */ = {isa = PBXFileReference; fileEncoding = 4; lastKnownFileType = sourcecode.swift; path = FetchedObjects.swift; sourceTree = "<group>"; };
		7E8C02102AA10C45009084D9 /* MenuList.swift */ = {isa = PBXFileReference; lastKnownFileType = sourcecode.swift; path = MenuList.swift; sourceTree = "<group>"; };
		7E8C02122AA10CF7009084D9 /* MenuItem.swift */ = {isa = PBXFileReference; lastKnownFileType = sourcecode.swift; path = MenuItem.swift; sourceTree = "<group>"; };
		7E8C02152AA11A9B009084D9 /* ExampleDatabase.xcdatamodel */ = {isa = PBXFileReference; lastKnownFileType = wrapper.xcdatamodel; path = ExampleDatabase.xcdatamodel; sourceTree = "<group>"; };
		7E8EFB982AA47AC100DD9098 /* OfflineData.swift */ = {isa = PBXFileReference; lastKnownFileType = sourcecode.swift; path = OfflineData.swift; sourceTree = "<group>"; };
		7EEC99972AAD8BAD0002F186 /* MenuPage.swift */ = {isa = PBXFileReference; lastKnownFileType = sourcecode.swift; path = MenuPage.swift; sourceTree = "<group>"; };
/* End PBXFileReference section */

/* Begin PBXFrameworksBuildPhase section */
		7E06DA402A98501200C69196 /* Frameworks */ = {
			isa = PBXFrameworksBuildPhase;
			buildActionMask = 2147483647;
			files = (
			);
			runOnlyForDeploymentPostprocessing = 0;
		};
/* End PBXFrameworksBuildPhase section */

/* Begin PBXGroup section */
		7E06DA3A2A98501200C69196 = {
			isa = PBXGroup;
			children = (
				7E06DA452A98501200C69196 /* LittleLemon */,
				7E06DA442A98501200C69196 /* Products */,
			);
			sourceTree = "<group>";
		};
		7E06DA442A98501200C69196 /* Products */ = {
			isa = PBXGroup;
			children = (
				7E06DA432A98501200C69196 /* LittleLemon.app */,
			);
			name = Products;
			sourceTree = "<group>";
		};
		7E06DA452A98501200C69196 /* LittleLemon */ = {
			isa = PBXGroup;
			children = (
				7EEC999C2AADA8670002F186 /* Views */,
				7EEC999B2AADA51F0002F186 /* CoreData */,
				7EEC999A2AADA50B0002F186 /* Models */,
				7EEC99992AADA4500002F186 /* Pages */,
				7E06DA462A98501200C69196 /* LittleLemonApp.swift */,
				7E8C02142AA11A9B009084D9 /* ExampleDatabase.xcdatamodeld */,
				7E06DA4A2A98501400C69196 /* Assets.xcassets */,
				7E06DA4C2A98501400C69196 /* Preview Content */,
			);
			path = LittleLemon;
			sourceTree = "<group>";
		};
		7E06DA4C2A98501400C69196 /* Preview Content */ = {
			isa = PBXGroup;
			children = (
				7E06DA4D2A98501400C69196 /* Preview Assets.xcassets */,
			);
			path = "Preview Content";
			sourceTree = "<group>";
		};
		7EEC99992AADA4500002F186 /* Pages */ = {
			isa = PBXGroup;
			children = (
				7E06DA5A2A9BCD2300C69196 /* HomePage.swift */,
				7EEC99972AAD8BAD0002F186 /* MenuPage.swift */,
				7E06DA5C2A9E6A6D00C69196 /* UserProfilePage.swift */,
				7E06DA542A9AB33B00C69196 /* OnboardingPage.swift */,
			);
			path = Pages;
			sourceTree = "<group>";
		};
		7EEC999A2AADA50B0002F186 /* Models */ = {
			isa = PBXGroup;
			children = (
				7E8C02102AA10C45009084D9 /* MenuList.swift */,
				7E8C02122AA10CF7009084D9 /* MenuItem.swift */,
			);
			path = Models;
			sourceTree = "<group>";
		};
		7EEC999B2AADA51F0002F186 /* CoreData */ = {
			isa = PBXGroup;
			children = (
				7E8C020C2AA10BCD009084D9 /* Persistence.swift */,
				7E8C020D2AA10BCE009084D9 /* FetchedObjects.swift */,
				7E8EFB982AA47AC100DD9098 /* OfflineData.swift */,
			);
			path = CoreData;
			sourceTree = "<group>";
		};
		7EEC999C2AADA8670002F186 /* Views */ = {
			isa = PBXGroup;
			children = (
				7E06DA582A9B191700C69196 /* TabNavigationBar.swift */,
			);
			path = Views;
			sourceTree = "<group>";
		};
/* End PBXGroup section */

/* Begin PBXNativeTarget section */
		7E06DA422A98501200C69196 /* LittleLemon */ = {
			isa = PBXNativeTarget;
			buildConfigurationList = 7E06DA512A98501400C69196 /* Build configuration list for PBXNativeTarget "LittleLemon" */;
			buildPhases = (
				7E06DA3F2A98501200C69196 /* Sources */,
				7E06DA402A98501200C69196 /* Frameworks */,
				7E06DA412A98501200C69196 /* Resources */,
			);
			buildRules = (
			);
			dependencies = (
			);
			name = LittleLemon;
			productName = LittleLemon;
			productReference = 7E06DA432A98501200C69196 /* LittleLemon.app */;
			productType = "com.apple.product-type.application";
		};
/* End PBXNativeTarget section */

/* Begin PBXProject section */
		7E06DA3B2A98501200C69196 /* Project object */ = {
			isa = PBXProject;
			attributes = {
				BuildIndependentTargetsInParallel = 1;
				LastSwiftUpdateCheck = 1500;
				LastUpgradeCheck = 1500;
				TargetAttributes = {
					7E06DA422A98501200C69196 = {
						CreatedOnToolsVersion = 15.0;
					};
				};
			};
			buildConfigurationList = 7E06DA3E2A98501200C69196 /* Build configuration list for PBXProject "LittleLemon" */;
			compatibilityVersion = "Xcode 14.0";
			developmentRegion = en;
			hasScannedForEncodings = 0;
			knownRegions = (
				en,
				Base,
			);
			mainGroup = 7E06DA3A2A98501200C69196;
			productRefGroup = 7E06DA442A98501200C69196 /* Products */;
			projectDirPath = "";
			projectRoot = "";
			targets = (
				7E06DA422A98501200C69196 /* LittleLemon */,
			);
		};
/* End PBXProject section */

/* Begin PBXResourcesBuildPhase section */
		7E06DA412A98501200C69196 /* Resources */ = {
			isa = PBXResourcesBuildPhase;
			buildActionMask = 2147483647;
			files = (
				7E06DA4E2A98501400C69196 /* Preview Assets.xcassets in Resources */,
				7E06DA4B2A98501400C69196 /* Assets.xcassets in Resources */,
			);
			runOnlyForDeploymentPostprocessing = 0;
		};
/* End PBXResourcesBuildPhase section */

/* Begin PBXSourcesBuildPhase section */
		7E06DA3F2A98501200C69196 /* Sources */ = {
			isa = PBXSourcesBuildPhase;
			buildActionMask = 2147483647;
			files = (
				7E06DA552A9AB33B00C69196 /* OnboardingPage.swift in Sources */,
				7E06DA592A9B191700C69196 /* TabNavigationBar.swift in Sources */,
				7E8C02112AA10C45009084D9 /* MenuList.swift in Sources */,
				7E06DA5D2A9E6A6D00C69196 /* UserProfilePage.swift in Sources */,
				7E8C020E2AA10BCE009084D9 /* Persistence.swift in Sources */,
				7E8EFB992AA47AC100DD9098 /* OfflineData.swift in Sources */,
				7E8C02162AA11A9B009084D9 /* ExampleDatabase.xcdatamodeld in Sources */,
				7E06DA5B2A9BCD2300C69196 /* HomePage.swift in Sources */,
				7E8C02132AA10CF7009084D9 /* MenuItem.swift in Sources */,
				7E8C020F2AA10BCE009084D9 /* FetchedObjects.swift in Sources */,
				7E06DA472A98501200C69196 /* LittleLemonApp.swift in Sources */,
				7EEC99982AAD8BAD0002F186 /* MenuPage.swift in Sources */,
			);
			runOnlyForDeploymentPostprocessing = 0;
		};
/* End PBXSourcesBuildPhase section */

/* Begin XCBuildConfiguration section */
		7E06DA4F2A98501400C69196 /* Debug */ = {
			isa = XCBuildConfiguration;
			buildSettings = {
				ALWAYS_SEARCH_USER_PATHS = NO;
				ASSETCATALOG_COMPILER_GENERATE_SWIFT_ASSET_SYMBOL_EXTENSIONS = YES;
				CLANG_ANALYZER_NONNULL = YES;
				CLANG_ANALYZER_NUMBER_OBJECT_CONVERSION = YES_AGGRESSIVE;
				CLANG_CXX_LANGUAGE_STANDARD = "gnu++20";
				CLANG_ENABLE_MODULES = YES;
				CLANG_ENABLE_OBJC_ARC = YES;
				CLANG_ENABLE_OBJC_WEAK = YES;
				CLANG_WARN_BLOCK_CAPTURE_AUTORELEASING = YES;
				CLANG_WARN_BOOL_CONVERSION = YES;
				CLANG_WARN_COMMA = YES;
				CLANG_WARN_CONSTANT_CONVERSION = YES;
				CLANG_WARN_DEPRECATED_OBJC_IMPLEMENTATIONS = YES;
				CLANG_WARN_DIRECT_OBJC_ISA_USAGE = YES_ERROR;
				CLANG_WARN_DOCUMENTATION_COMMENTS = YES;
				CLANG_WARN_EMPTY_BODY = YES;
				CLANG_WARN_ENUM_CONVERSION = YES;
				CLANG_WARN_INFINITE_RECURSION = YES;
				CLANG_WARN_INT_CONVERSION = YES;
				CLANG_WARN_NON_LITERAL_NULL_CONVERSION = YES;
				CLANG_WARN_OBJC_IMPLICIT_RETAIN_SELF = YES;
				CLANG_WARN_OBJC_LITERAL_CONVERSION = YES;
				CLANG_WARN_OBJC_ROOT_CLASS = YES_ERROR;
				CLANG_WARN_QUOTED_INCLUDE_IN_FRAMEWORK_HEADER = YES;
				CLANG_WARN_RANGE_LOOP_ANALYSIS = YES;
				CLANG_WARN_STRICT_PROTOTYPES = YES;
				CLANG_WARN_SUSPICIOUS_MOVE = YES;
				CLANG_WARN_UNGUARDED_AVAILABILITY = YES_AGGRESSIVE;
				CLANG_WARN_UNREACHABLE_CODE = YES;
				CLANG_WARN__DUPLICATE_METHOD_MATCH = YES;
				COPY_PHASE_STRIP = NO;
				DEBUG_INFORMATION_FORMAT = dwarf;
				ENABLE_STRICT_OBJC_MSGSEND = YES;
				ENABLE_TESTABILITY = YES;
				ENABLE_USER_SCRIPT_SANDBOXING = YES;
				GCC_C_LANGUAGE_STANDARD = gnu17;
				GCC_DYNAMIC_NO_PIC = NO;
				GCC_NO_COMMON_BLOCKS = YES;
				GCC_OPTIMIZATION_LEVEL = 0;
				GCC_PREPROCESSOR_DEFINITIONS = (
					"DEBUG=1",
					"$(inherited)",
				);
				GCC_WARN_64_TO_32_BIT_CONVERSION = YES;
				GCC_WARN_ABOUT_RETURN_TYPE = YES_ERROR;
				GCC_WARN_UNDECLARED_SELECTOR = YES;
				GCC_WARN_UNINITIALIZED_AUTOS = YES_AGGRESSIVE;
				GCC_WARN_UNUSED_FUNCTION = YES;
				GCC_WARN_UNUSED_VARIABLE = YES;
				IPHONEOS_DEPLOYMENT_TARGET = 17.0;
				LOCALIZATION_PREFERS_STRING_CATALOGS = YES;
				MTL_ENABLE_DEBUG_INFO = INCLUDE_SOURCE;
				MTL_FAST_MATH = YES;
				ONLY_ACTIVE_ARCH = YES;
				SDKROOT = iphoneos;
				SWIFT_ACTIVE_COMPILATION_CONDITIONS = "DEBUG $(inherited)";
				SWIFT_OPTIMIZATION_LEVEL = "-Onone";
			};
			name = Debug;
		};
		7E06DA502A98501400C69196 /* Release */ = {
			isa = XCBuildConfiguration;
			buildSettings = {
				ALWAYS_SEARCH_USER_PATHS = NO;
				ASSETCATALOG_COMPILER_GENERATE_SWIFT_ASSET_SYMBOL_EXTENSIONS = YES;
				CLANG_ANALYZER_NONNULL = YES;
				CLANG_ANALYZER_NUMBER_OBJECT_CONVERSION = YES_AGGRESSIVE;
				CLANG_CXX_LANGUAGE_STANDARD = "gnu++20";
				CLANG_ENABLE_MODULES = YES;
				CLANG_ENABLE_OBJC_ARC = YES;
				CLANG_ENABLE_OBJC_WEAK = YES;
				CLANG_WARN_BLOCK_CAPTURE_AUTORELEASING = YES;
				CLANG_WARN_BOOL_CONVERSION = YES;
				CLANG_WARN_COMMA = YES;
				CLANG_WARN_CONSTANT_CONVERSION = YES;
				CLANG_WARN_DEPRECATED_OBJC_IMPLEMENTATIONS = YES;
				CLANG_WARN_DIRECT_OBJC_ISA_USAGE = YES_ERROR;
				CLANG_WARN_DOCUMENTATION_COMMENTS = YES;
				CLANG_WARN_EMPTY_BODY = YES;
				CLANG_WARN_ENUM_CONVERSION = YES;
				CLANG_WARN_INFINITE_RECURSION = YES;
				CLANG_WARN_INT_CONVERSION = YES;
				CLANG_WARN_NON_LITERAL_NULL_CONVERSION = YES;
				CLANG_WARN_OBJC_IMPLICIT_RETAIN_SELF = YES;
				CLANG_WARN_OBJC_LITERAL_CONVERSION = YES;
				CLANG_WARN_OBJC_ROOT_CLASS = YES_ERROR;
				CLANG_WARN_QUOTED_INCLUDE_IN_FRAMEWORK_HEADER = YES;
				CLANG_WARN_RANGE_LOOP_ANALYSIS = YES;
				CLANG_WARN_STRICT_PROTOTYPES = YES;
				CLANG_WARN_SUSPICIOUS_MOVE = YES;
				CLANG_WARN_UNGUARDED_AVAILABILITY = YES_AGGRESSIVE;
				CLANG_WARN_UNREACHABLE_CODE = YES;
				CLANG_WARN__DUPLICATE_METHOD_MATCH = YES;
				COPY_PHASE_STRIP = NO;
				DEBUG_INFORMATION_FORMAT = "dwarf-with-dsym";
				ENABLE_NS_ASSERTIONS = NO;
				ENABLE_STRICT_OBJC_MSGSEND = YES;
				ENABLE_USER_SCRIPT_SANDBOXING = YES;
				GCC_C_LANGUAGE_STANDARD = gnu17;
				GCC_NO_COMMON_BLOCKS = YES;
				GCC_WARN_64_TO_32_BIT_CONVERSION = YES;
				GCC_WARN_ABOUT_RETURN_TYPE = YES_ERROR;
				GCC_WARN_UNDECLARED_SELECTOR = YES;
				GCC_WARN_UNINITIALIZED_AUTOS = YES_AGGRESSIVE;
				GCC_WARN_UNUSED_FUNCTION = YES;
				GCC_WARN_UNUSED_VARIABLE = YES;
				IPHONEOS_DEPLOYMENT_TARGET = 17.0;
				LOCALIZATION_PREFERS_STRING_CATALOGS = YES;
				MTL_ENABLE_DEBUG_INFO = NO;
				MTL_FAST_MATH = YES;
				SDKROOT = iphoneos;
				SWIFT_COMPILATION_MODE = wholemodule;
				VALIDATE_PRODUCT = YES;
			};
			name = Release;
		};
		7E06DA522A98501400C69196 /* Debug */ = {
			isa = XCBuildConfiguration;
			buildSettings = {
				ASSETCATALOG_COMPILER_APPICON_NAME = AppIcon;
				ASSETCATALOG_COMPILER_GLOBAL_ACCENT_COLOR_NAME = AccentColor;
				CODE_SIGN_STYLE = Automatic;
				CURRENT_PROJECT_VERSION = 1;
				DEVELOPMENT_ASSET_PATHS = "\"LittleLemon/Preview Content\"";
				DEVELOPMENT_TEAM = Z8V76K7H9G;
				ENABLE_PREVIEWS = YES;
				GENERATE_INFOPLIST_FILE = YES;
				INFOPLIST_KEY_UIApplicationSceneManifest_Generation = YES;
				INFOPLIST_KEY_UIApplicationSupportsIndirectInputEvents = YES;
				INFOPLIST_KEY_UILaunchScreen_Generation = YES;
				INFOPLIST_KEY_UISupportedInterfaceOrientations_iPad = "UIInterfaceOrientationPortrait UIInterfaceOrientationPortraitUpsideDown UIInterfaceOrientationLandscapeLeft UIInterfaceOrientationLandscapeRight";
				INFOPLIST_KEY_UISupportedInterfaceOrientations_iPhone = "UIInterfaceOrientationPortrait UIInterfaceOrientationLandscapeLeft UIInterfaceOrientationLandscapeRight";
				LD_RUNPATH_SEARCH_PATHS = (
					"$(inherited)",
					"@executable_path/Frameworks",
				);
				MARKETING_VERSION = 1.0;
				PRODUCT_BUNDLE_IDENTIFIER = com.yaroslavyurev.LittleLemon;
				PRODUCT_NAME = "$(TARGET_NAME)";
				SWIFT_EMIT_LOC_STRINGS = YES;
				SWIFT_VERSION = 5.0;
				TARGETED_DEVICE_FAMILY = "1,2";
			};
			name = Debug;
		};
		7E06DA532A98501400C69196 /* Release */ = {
			isa = XCBuildConfiguration;
			buildSettings = {
				ASSETCATALOG_COMPILER_APPICON_NAME = AppIcon;
				ASSETCATALOG_COMPILER_GLOBAL_ACCENT_COLOR_NAME = AccentColor;
				CODE_SIGN_STYLE = Automatic;
				CURRENT_PROJECT_VERSION = 1;
				DEVELOPMENT_ASSET_PATHS = "\"LittleLemon/Preview Content\"";
				DEVELOPMENT_TEAM = Z8V76K7H9G;
				ENABLE_PREVIEWS = YES;
				GENERATE_INFOPLIST_FILE = YES;
				INFOPLIST_KEY_UIApplicationSceneManifest_Generation = YES;
				INFOPLIST_KEY_UIApplicationSupportsIndirectInputEvents = YES;
				INFOPLIST_KEY_UILaunchScreen_Generation = YES;
				INFOPLIST_KEY_UISupportedInterfaceOrientations_iPad = "UIInterfaceOrientationPortrait UIInterfaceOrientationPortraitUpsideDown UIInterfaceOrientationLandscapeLeft UIInterfaceOrientationLandscapeRight";
				INFOPLIST_KEY_UISupportedInterfaceOrientations_iPhone = "UIInterfaceOrientationPortrait UIInterfaceOrientationLandscapeLeft UIInterfaceOrientationLandscapeRight";
				LD_RUNPATH_SEARCH_PATHS = (
					"$(inherited)",
					"@executable_path/Frameworks",
				);
				MARKETING_VERSION = 1.0;
				PRODUCT_BUNDLE_IDENTIFIER = com.yaroslavyurev.LittleLemon;
				PRODUCT_NAME = "$(TARGET_NAME)";
				SWIFT_EMIT_LOC_STRINGS = YES;
				SWIFT_VERSION = 5.0;
				TARGETED_DEVICE_FAMILY = "1,2";
			};
			name = Release;
		};
/* End XCBuildConfiguration section */

/* Begin XCConfigurationList section */
		7E06DA3E2A98501200C69196 /* Build configuration list for PBXProject "LittleLemon" */ = {
			isa = XCConfigurationList;
			buildConfigurations = (
				7E06DA4F2A98501400C69196 /* Debug */,
				7E06DA502A98501400C69196 /* Release */,
			);
			defaultConfigurationIsVisible = 0;
			defaultConfigurationName = Release;
		};
		7E06DA512A98501400C69196 /* Build configuration list for PBXNativeTarget "LittleLemon" */ = {
			isa = XCConfigurationList;
			buildConfigurations = (
				7E06DA522A98501400C69196 /* Debug */,
				7E06DA532A98501400C69196 /* Release */,
			);
			defaultConfigurationIsVisible = 0;
			defaultConfigurationName = Release;
		};
/* End XCConfigurationList section */

/* Begin XCVersionGroup section */
		7E8C02142AA11A9B009084D9 /* ExampleDatabase.xcdatamodeld */ = {
			isa = XCVersionGroup;
			children = (
				7E8C02152AA11A9B009084D9 /* ExampleDatabase.xcdatamodel */,
			);
			currentVersion = 7E8C02152AA11A9B009084D9 /* ExampleDatabase.xcdatamodel */;
			path = ExampleDatabase.xcdatamodeld;
			sourceTree = "<group>";
			versionGroupType = wrapper.xcdatamodel;
		};
/* End XCVersionGroup section */
	};
	rootObject = 7E06DA3B2A98501200C69196 /* Project object */;
}
